{
    "_readme": [
        "This file locks the dependencies of your project to a known state",
        "Read more about it at https://getcomposer.org/doc/01-basic-usage.md#composer-lock-the-lock-file",
        "This file is @generated automatically"
    ],
    "content-hash": "3e732f73bdb2240cabc3fbc8357b6144",
    "packages": [
        {
            "name": "php-framework/php-framework",
            "version": "dev-master",
            "source": {
                "type": "git",
                "url": "https://github.com/zhangfengjin/php-framework.git",
                "reference": "89a9cc481a032012d7a564c670d128ad258b59a3"
            },
            "dist": {
                "type": "zip",
                "url": "https://api.github.com/repos/zhangfengjin/php-framework/zipball/89a9cc481a032012d7a564c670d128ad258b59a3",
                "reference": "89a9cc481a032012d7a564c670d128ad258b59a3",
                "shasum": ""
            },
            "require": {
                "predis/predis": "^1.0"
            },
            "type": "library",
            "autoload": {
                "psr-4": {
                    "XYLibrary\\": "src/"
                }
            },
            "notification-url": "https://packagist.org/downloads/",
            "authors": [
                {
                    "name": "zhangfengjin",
                    "email": "793665131@qq.com"
                }
            ],
            "description": "php framework",
            "keywords": [
                "framework",
                "php-framework"
            ],
            "time": "2017-12-11T14:35:37+00:00"
        },
        {
            "name": "predis/predis",
            "version": "v1.1.1",
            "source": {
                "type": "git",
                "url": "https://github.com/nrk/predis.git",
                "reference": "f0210e38881631afeafb56ab43405a92cafd9fd1"
            },
            "dist": {
                "type": "zip",
                "url": "https://api.github.com/repos/nrk/predis/zipball/f0210e38881631afeafb56ab43405a92cafd9fd1",
                "reference": "f0210e38881631afeafb56ab43405a92cafd9fd1",
                "shasum": ""
            },
            "require": {
                "php": ">=5.3.9"
            },
            "require-dev": {
                "phpunit/phpunit": "~4.8"
            },
            "suggest": {
                "ext-curl": "Allows access to Webdis when paired with phpiredis",
                "ext-phpiredis": "Allows faster serialization and deserialization of the Redis protocol"
            },
            "type": "library",
            "autoload": {
                "psr-4": {
                    "Predis\\": "src/"
                }
            },
            "notification-url": "https://packagist.org/downloads/",
            "license": [
                "MIT"
            ],
            "authors": [
                {
                    "name": "Daniele Alessandri",
                    "email": "suppakilla@gmail.com",
                    "homepage": "http://clorophilla.net"
                }
            ],
            "description": "Flexible and feature-complete Redis client for PHP and HHVM",
            "homepage": "http://github.com/nrk/predis",
            "keywords": [
                "nosql",
                "predis",
                "redis"
            ],
            "time": "2016-06-16T16:22:20+00:00"
        }
    ],
    "packages-dev": [],
    "aliases": [],
    "minimum-stability": "stable",
    "stability-flags": {
        "php-framework/php-framework": 20
    },
    "prefer-stable": false,
    "prefer-lowest": false,
    "platform": [],
    "platform-dev": []
}
